// !$*UTF8*$!
{
	archiveVersion = 1;
	classes = {
	};
	objectVersion = 46;
	objects = {

/* Begin PBXBuildFile section */
		DCE098181C1A160700BB64FE /* AppDelegate.swift in Sources */ = {isa = PBXBuildFile; fileRef = DCE098171C1A160700BB64FE /* AppDelegate.swift */; };
		DCE0981A1C1A160700BB64FE /* ViewController.swift in Sources */ = {isa = PBXBuildFile; fileRef = DCE098191C1A160700BB64FE /* ViewController.swift */; };
		DCE0981D1C1A160700BB64FE /* Main.storyboard in Resources */ = {isa = PBXBuildFile; fileRef = DCE0981B1C1A160700BB64FE /* Main.storyboard */; };
		DCE0981F1C1A160700BB64FE /* Assets.xcassets in Resources */ = {isa = PBXBuildFile; fileRef = DCE0981E1C1A160700BB64FE /* Assets.xcassets */; };
		DCE098221C1A160700BB64FE /* LaunchScreen.storyboard in Resources */ = {isa = PBXBuildFile; fileRef = DCE098201C1A160700BB64FE /* LaunchScreen.storyboard */; };
		DCF852741C234572001A24DD /* AudioToolbox.framework in Frameworks */ = {isa = PBXBuildFile; fileRef = DCF852731C234572001A24DD /* AudioToolbox.framework */; };
		DCF852761C234583001A24DD /* CFNetwork.framework in Frameworks */ = {isa = PBXBuildFile; fileRef = DCF852751C234583001A24DD /* CFNetwork.framework */; };
		DCF852781C234592001A24DD /* CoreGraphics.framework in Frameworks */ = {isa = PBXBuildFile; fileRef = DCF852771C234592001A24DD /* CoreGraphics.framework */; };
		DCF8527A1C2345A5001A24DD /* CoreLocation.framework in Frameworks */ = {isa = PBXBuildFile; fileRef = DCF852791C2345A5001A24DD /* CoreLocation.framework */; };
		DCF8527C1C2345D3001A24DD /* QuartzCore.framework in Frameworks */ = {isa = PBXBuildFile; fileRef = DCF8527B1C2345D3001A24DD /* QuartzCore.framework */; };
		DCF8527E1C2345E1001A24DD /* Security.framework in Frameworks */ = {isa = PBXBuildFile; fileRef = DCF8527D1C2345E1001A24DD /* Security.framework */; };
		DCF852801C2345F0001A24DD /* StoreKit.framework in Frameworks */ = {isa = PBXBuildFile; fileRef = DCF8527F1C2345F0001A24DD /* StoreKit.framework */; };
		DCF852821C2345FF001A24DD /* SystemConfiguration.framework in Frameworks */ = {isa = PBXBuildFile; fileRef = DCF852811C2345FF001A24DD /* SystemConfiguration.framework */; };
		DCF852841C234610001A24DD /* libz.tbd in Frameworks */ = {isa = PBXBuildFile; fileRef = DCF852831C234610001A24DD /* libz.tbd */; };
		DCF852861C23461F001A24DD /* libsqlite3.tbd in Frameworks */ = {isa = PBXBuildFile; fileRef = DCF852851C23461F001A24DD /* libsqlite3.tbd */; };
		DCF852901C2347BE001A24DD /* libz.1.1.3.tbd in Frameworks */ = {isa = PBXBuildFile; fileRef = DCF8528D1C2347BE001A24DD /* libz.1.1.3.tbd */; };
		DCF852911C2347BE001A24DD /* libz.1.2.5.tbd in Frameworks */ = {isa = PBXBuildFile; fileRef = DCF8528E1C2347BE001A24DD /* libz.1.2.5.tbd */; };
		DCF852921C2347BE001A24DD /* libz.1.tbd in Frameworks */ = {isa = PBXBuildFile; fileRef = DCF8528F1C2347BE001A24DD /* libz.1.tbd */; };
		DCF852941C2347D1001A24DD /* libsqlite3.0.tbd in Frameworks */ = {isa = PBXBuildFile; fileRef = DCF852931C2347D1001A24DD /* libsqlite3.0.tbd */; };
		DCF852981C2357B9001A24DD /* Bolts.framework in Frameworks */ = {isa = PBXBuildFile; fileRef = DCF852961C2357B9001A24DD /* Bolts.framework */; };
		DCF852991C2357B9001A24DD /* Parse.framework in Frameworks */ = {isa = PBXBuildFile; fileRef = DCF852971C2357B9001A24DD /* Parse.framework */; };
/* End PBXBuildFile section */

/* Begin PBXFileReference section */
		DCE098141C1A160700BB64FE /* contaBabilonia.app */ = {isa = PBXFileReference; explicitFileType = wrapper.application; includeInIndex = 0; path = contaBabilonia.app; sourceTree = BUILT_PRODUCTS_DIR; };
		DCE098171C1A160700BB64FE /* AppDelegate.swift */ = {isa = PBXFileReference; lastKnownFileType = sourcecode.swift; path = AppDelegate.swift; sourceTree = "<group>"; };
		DCE098191C1A160700BB64FE /* ViewController.swift */ = {isa = PBXFileReference; lastKnownFileType = sourcecode.swift; path = ViewController.swift; sourceTree = "<group>"; };
		DCE0981C1C1A160700BB64FE /* Base */ = {isa = PBXFileReference; lastKnownFileType = file.storyboard; name = Base; path = Base.lproj/Main.storyboard; sourceTree = "<group>"; };
		DCE0981E1C1A160700BB64FE /* Assets.xcassets */ = {isa = PBXFileReference; lastKnownFileType = folder.assetcatalog; path = Assets.xcassets; sourceTree = "<group>"; };
		DCE098211C1A160700BB64FE /* Base */ = {isa = PBXFileReference; lastKnownFileType = file.storyboard; name = Base; path = Base.lproj/LaunchScreen.storyboard; sourceTree = "<group>"; };
		DCE098231C1A160700BB64FE /* Info.plist */ = {isa = PBXFileReference; lastKnownFileType = text.plist.xml; path = Info.plist; sourceTree = "<group>"; };
		DCF852731C234572001A24DD /* AudioToolbox.framework */ = {isa = PBXFileReference; lastKnownFileType = wrapper.framework; name = AudioToolbox.framework; path = System/Library/Frameworks/AudioToolbox.framework; sourceTree = SDKROOT; };
		DCF852751C234583001A24DD /* CFNetwork.framework */ = {isa = PBXFileReference; lastKnownFileType = wrapper.framework; name = CFNetwork.framework; path = System/Library/Frameworks/CFNetwork.framework; sourceTree = SDKROOT; };
		DCF852771C234592001A24DD /* CoreGraphics.framework */ = {isa = PBXFileReference; lastKnownFileType = wrapper.framework; name = CoreGraphics.framework; path = System/Library/Frameworks/CoreGraphics.framework; sourceTree = SDKROOT; };
		DCF852791C2345A5001A24DD /* CoreLocation.framework */ = {isa = PBXFileReference; lastKnownFileType = wrapper.framework; name = CoreLocation.framework; path = System/Library/Frameworks/CoreLocation.framework; sourceTree = SDKROOT; };
		DCF8527B1C2345D3001A24DD /* QuartzCore.framework */ = {isa = PBXFileReference; lastKnownFileType = wrapper.framework; name = QuartzCore.framework; path = System/Library/Frameworks/QuartzCore.framework; sourceTree = SDKROOT; };
		DCF8527D1C2345E1001A24DD /* Security.framework */ = {isa = PBXFileReference; lastKnownFileType = wrapper.framework; name = Security.framework; path = System/Library/Frameworks/Security.framework; sourceTree = SDKROOT; };
		DCF8527F1C2345F0001A24DD /* StoreKit.framework */ = {isa = PBXFileReference; lastKnownFileType = wrapper.framework; name = StoreKit.framework; path = System/Library/Frameworks/StoreKit.framework; sourceTree = SDKROOT; };
		DCF852811C2345FF001A24DD /* SystemConfiguration.framework */ = {isa = PBXFileReference; lastKnownFileType = wrapper.framework; name = SystemConfiguration.framework; path = System/Library/Frameworks/SystemConfiguration.framework; sourceTree = SDKROOT; };
		DCF852831C234610001A24DD /* libz.tbd */ = {isa = PBXFileReference; lastKnownFileType = "sourcecode.text-based-dylib-definition"; name = libz.tbd; path = usr/lib/libz.tbd; sourceTree = SDKROOT; };
		DCF852851C23461F001A24DD /* libsqlite3.tbd */ = {isa = PBXFileReference; lastKnownFileType = "sourcecode.text-based-dylib-definition"; name = libsqlite3.tbd; path = usr/lib/libsqlite3.tbd; sourceTree = SDKROOT; };
		DCF8528D1C2347BE001A24DD /* libz.1.1.3.tbd */ = {isa = PBXFileReference; lastKnownFileType = "sourcecode.text-based-dylib-definition"; name = libz.1.1.3.tbd; path = usr/lib/libz.1.1.3.tbd; sourceTree = SDKROOT; };
		DCF8528E1C2347BE001A24DD /* libz.1.2.5.tbd */ = {isa = PBXFileReference; lastKnownFileType = "sourcecode.text-based-dylib-definition"; name = libz.1.2.5.tbd; path = usr/lib/libz.1.2.5.tbd; sourceTree = SDKROOT; };
		DCF8528F1C2347BE001A24DD /* libz.1.tbd */ = {isa = PBXFileReference; lastKnownFileType = "sourcecode.text-based-dylib-definition"; name = libz.1.tbd; path = usr/lib/libz.1.tbd; sourceTree = SDKROOT; };
		DCF852931C2347D1001A24DD /* libsqlite3.0.tbd */ = {isa = PBXFileReference; lastKnownFileType = "sourcecode.text-based-dylib-definition"; name = libsqlite3.0.tbd; path = usr/lib/libsqlite3.0.tbd; sourceTree = SDKROOT; };
		DCF852961C2357B9001A24DD /* Bolts.framework */ = {isa = PBXFileReference; lastKnownFileType = wrapper.framework; name = Bolts.framework; path = contaBabilonia/Bolts.framework; sourceTree = "<group>"; };
		DCF852971C2357B9001A24DD /* Parse.framework */ = {isa = PBXFileReference; lastKnownFileType = wrapper.framework; name = Parse.framework; path = contaBabilonia/Parse.framework; sourceTree = "<group>"; };
/* End PBXFileReference section */

/* Begin PBXFrameworksBuildPhase section */
		DCE098111C1A160700BB64FE /* Frameworks */ = {
			isa = PBXFrameworksBuildPhase;
			buildActionMask = 2147483647;
			files = (
				DCF852981C2357B9001A24DD /* Bolts.framework in Frameworks */,
				DCF852991C2357B9001A24DD /* Parse.framework in Frameworks */,
				DCF852941C2347D1001A24DD /* libsqlite3.0.tbd in Frameworks */,
				DCF852901C2347BE001A24DD /* libz.1.1.3.tbd in Frameworks */,
				DCF852911C2347BE001A24DD /* libz.1.2.5.tbd in Frameworks */,
				DCF852921C2347BE001A24DD /* libz.1.tbd in Frameworks */,
				DCF852861C23461F001A24DD /* libsqlite3.tbd in Frameworks */,
				DCF852841C234610001A24DD /* libz.tbd in Frameworks */,
				DCF852821C2345FF001A24DD /* SystemConfiguration.framework in Frameworks */,
				DCF852801C2345F0001A24DD /* StoreKit.framework in Frameworks */,
				DCF8527E1C2345E1001A24DD /* Security.framework in Frameworks */,
				DCF8527C1C2345D3001A24DD /* QuartzCore.framework in Frameworks */,
				DCF8527A1C2345A5001A24DD /* CoreLocation.framework in Frameworks */,
				DCF852781C234592001A24DD /* CoreGraphics.framework in Frameworks */,
				DCF852761C234583001A24DD /* CFNetwork.framework in Frameworks */,
				DCF852741C234572001A24DD /* AudioToolbox.framework in Frameworks */,
			);
			runOnlyForDeploymentPostprocessing = 0;
		};
/* End PBXFrameworksBuildPhase section */

/* Begin PBXGroup section */
		DCE0980B1C1A160700BB64FE = {
			isa = PBXGroup;
			children = (
				DCF852601C2339F8001A24DD /* Frameworks */,
				DCE098161C1A160700BB64FE /* contaBabilonia */,
				DCE098151C1A160700BB64FE /* Products */,
			);
			sourceTree = "<group>";
		};
		DCE098151C1A160700BB64FE /* Products */ = {
			isa = PBXGroup;
			children = (
				DCE098141C1A160700BB64FE /* contaBabilonia.app */,
			);
			name = Products;
			sourceTree = "<group>";
		};
		DCE098161C1A160700BB64FE /* contaBabilonia */ = {
			isa = PBXGroup;
			children = (
				DCE098171C1A160700BB64FE /* AppDelegate.swift */,
				DCE098191C1A160700BB64FE /* ViewController.swift */,
				DCE0981B1C1A160700BB64FE /* Main.storyboard */,
				DCE0981E1C1A160700BB64FE /* Assets.xcassets */,
				DCE098201C1A160700BB64FE /* LaunchScreen.storyboard */,
				DCE098231C1A160700BB64FE /* Info.plist */,
			);
			path = contaBabilonia;
			sourceTree = "<group>";
		};
		DCF852601C2339F8001A24DD /* Frameworks */ = {
			isa = PBXGroup;
			children = (
				DCF852961C2357B9001A24DD /* Bolts.framework */,
				DCF852971C2357B9001A24DD /* Parse.framework */,
				DCF852931C2347D1001A24DD /* libsqlite3.0.tbd */,
				DCF8528D1C2347BE001A24DD /* libz.1.1.3.tbd */,
				DCF8528E1C2347BE001A24DD /* libz.1.2.5.tbd */,
				DCF8528F1C2347BE001A24DD /* libz.1.tbd */,
				DCF852851C23461F001A24DD /* libsqlite3.tbd */,
				DCF852831C234610001A24DD /* libz.tbd */,
				DCF852811C2345FF001A24DD /* SystemConfiguration.framework */,
				DCF8527F1C2345F0001A24DD /* StoreKit.framework */,
				DCF8527D1C2345E1001A24DD /* Security.framework */,
				DCF8527B1C2345D3001A24DD /* QuartzCore.framework */,
				DCF852791C2345A5001A24DD /* CoreLocation.framework */,
				DCF852771C234592001A24DD /* CoreGraphics.framework */,
				DCF852751C234583001A24DD /* CFNetwork.framework */,
				DCF852731C234572001A24DD /* AudioToolbox.framework */,
			);
			name = Frameworks;
			sourceTree = "<group>";
		};
/* End PBXGroup section */

/* Begin PBXNativeTarget section */
		DCE098131C1A160700BB64FE /* contaBabilonia */ = {
			isa = PBXNativeTarget;
			buildConfigurationList = DCE098261C1A160700BB64FE /* Build configuration list for PBXNativeTarget "contaBabilonia" */;
			buildPhases = (
				DCE098101C1A160700BB64FE /* Sources */,
				DCE098111C1A160700BB64FE /* Frameworks */,
				DCE098121C1A160700BB64FE /* Resources */,
			);
			buildRules = (
			);
			dependencies = (
			);
			name = contaBabilonia;
			productName = contaBabilonia;
			productReference = DCE098141C1A160700BB64FE /* contaBabilonia.app */;
			productType = "com.apple.product-type.application";
		};
/* End PBXNativeTarget section */

/* Begin PBXProject section */
		DCE0980C1C1A160700BB64FE /* Project object */ = {
			isa = PBXProject;
			attributes = {
				LastSwiftUpdateCheck = 0710;
				LastUpgradeCheck = 0710;
				ORGANIZATIONNAME = Lander;
				TargetAttributes = {
					DCE098131C1A160700BB64FE = {
						CreatedOnToolsVersion = 7.1;
					};
				};
			};
			buildConfigurationList = DCE0980F1C1A160700BB64FE /* Build configuration list for PBXProject "contaBabilonia" */;
			compatibilityVersion = "Xcode 3.2";
			developmentRegion = English;
			hasScannedForEncodings = 0;
			knownRegions = (
				en,
				Base,
			);
			mainGroup = DCE0980B1C1A160700BB64FE;
			productRefGroup = DCE098151C1A160700BB64FE /* Products */;
			projectDirPath = "";
			projectRoot = "";
			targets = (
				DCE098131C1A160700BB64FE /* contaBabilonia */,
			);
		};
/* End PBXProject section */

/* Begin PBXResourcesBuildPhase section */
		DCE098121C1A160700BB64FE /* Resources */ = {
			isa = PBXResourcesBuildPhase;
			buildActionMask = 2147483647;
			files = (
				DCE098221C1A160700BB64FE /* LaunchScreen.storyboard in Resources */,
				DCE0981F1C1A160700BB64FE /* Assets.xcassets in Resources */,
				DCE0981D1C1A160700BB64FE /* Main.storyboard in Resources */,
			);
			runOnlyForDeploymentPostprocessing = 0;
		};
/* End PBXResourcesBuildPhase section */

/* Begin PBXSourcesBuildPhase section */
		DCE098101C1A160700BB64FE /* Sources */ = {
			isa = PBXSourcesBuildPhase;
			buildActionMask = 2147483647;
			files = (
				DCE0981A1C1A160700BB64FE /* ViewController.swift in Sources */,
				DCE098181C1A160700BB64FE /* AppDelegate.swift in Sources */,
			);
			runOnlyForDeploymentPostprocessing = 0;
		};
/* End PBXSourcesBuildPhase section */

/* Begin PBXVariantGroup section */
		DCE0981B1C1A160700BB64FE /* Main.storyboard */ = {
			isa = PBXVariantGroup;
			children = (
				DCE0981C1C1A160700BB64FE /* Base */,
			);
			name = Main.storyboard;
			sourceTree = "<group>";
		};
		DCE098201C1A160700BB64FE /* LaunchScreen.storyboard */ = {
			isa = PBXVariantGroup;
			children = (
				DCE098211C1A160700BB64FE /* Base */,
			);
			name = LaunchScreen.storyboard;
			sourceTree = "<group>";
		};
/* End PBXVariantGroup section */

/* Begin XCBuildConfiguration section */
		DCE098241C1A160700BB64FE /* Debug */ = {
			isa = XCBuildConfiguration;
			buildSettings = {
				ALWAYS_SEARCH_USER_PATHS = NO;
				CLANG_CXX_LANGUAGE_STANDARD = "gnu++0x";
				CLANG_CXX_LIBRARY = "libc++";
				CLANG_ENABLE_MODULES = YES;
				CLANG_ENABLE_OBJC_ARC = YES;
				CLANG_WARN_BOOL_CONVERSION = YES;
				CLANG_WARN_CONSTANT_CONVERSION = YES;
				CLANG_WARN_DIRECT_OBJC_ISA_USAGE = YES_ERROR;
				CLANG_WARN_EMPTY_BODY = YES;
				CLANG_WARN_ENUM_CONVERSION = YES;
				CLANG_WARN_INT_CONVERSION = YES;
				CLANG_WARN_OBJC_ROOT_CLASS = YES_ERROR;
				CLANG_WARN_UNREACHABLE_CODE = YES;
				CLANG_WARN__DUPLICATE_METHOD_MATCH = YES;
				"CODE_SIGN_IDENTITY[sdk=iphoneos*]" = "iPhone Developer";
				COPY_PHASE_STRIP = NO;
				DEBUG_INFORMATION_FORMAT = dwarf;
				ENABLE_STRICT_OBJC_MSGSEND = YES;
				ENABLE_TESTABILITY = YES;
				GCC_C_LANGUAGE_STANDARD = gnu99;
				GCC_DYNAMIC_NO_PIC = NO;
				GCC_NO_COMMON_BLOCKS = YES;
				GCC_OPTIMIZATION_LEVEL = 0;
				GCC_PREPROCESSOR_DEFINITIONS = (
					"DEBUG=1",
					"$(inherited)",
				);
				GCC_WARN_64_TO_32_BIT_CONVERSION = YES;
				GCC_WARN_ABOUT_RETURN_TYPE = YES_ERROR;
				GCC_WARN_UNDECLARED_SELECTOR = YES;
				GCC_WARN_UNINITIALIZED_AUTOS = YES_AGGRESSIVE;
				GCC_WARN_UNUSED_FUNCTION = YES;
				GCC_WARN_UNUSED_VARIABLE = YES;
				IPHONEOS_DEPLOYMENT_TARGET = 9.1;
				MTL_ENABLE_DEBUG_INFO = YES;
				ONLY_ACTIVE_ARCH = YES;
				SDKROOT = iphoneos;
				SWIFT_OPTIMIZATION_LEVEL = "-Onone";
			};
			name = Debug;
		};
		DCE098251C1A160700BB64FE /* Release */ = {
			isa = XCBuildConfiguration;
			buildSettings = {
				ALWAYS_SEARCH_USER_PATHS = NO;
				CLANG_CXX_LANGUAGE_STANDARD = "gnu++0x";
				CLANG_CXX_LIBRARY = "libc++";
				CLANG_ENABLE_MODULES = YES;
				CLANG_ENABLE_OBJC_ARC = YES;
				CLANG_WARN_BOOL_CONVERSION = YES;
				CLANG_WARN_CONSTANT_CONVERSION = YES;
				CLANG_WARN_DIRECT_OBJC_ISA_USAGE = YES_ERROR;
				CLANG_WARN_EMPTY_BODY = YES;
				CLANG_WARN_ENUM_CONVERSION = YES;
				CLANG_WARN_INT_CONVERSION = YES;
				CLANG_WARN_OBJC_ROOT_CLASS = YES_ERROR;
				CLANG_WARN_UNREACHABLE_CODE = YES;
				CLANG_WARN__DUPLICATE_METHOD_MATCH = YES;
				"CODE_SIGN_IDENTITY[sdk=iphoneos*]" = "iPhone Developer";
				COPY_PHASE_STRIP = NO;
				DEBUG_INFORMATION_FORMAT = "dwarf-with-dsym";
				ENABLE_NS_ASSERTIONS = NO;
				ENABLE_STRICT_OBJC_MSGSEND = YES;
				GCC_C_LANGUAGE_STANDARD = gnu99;
				GCC_NO_COMMON_BLOCKS = YES;
				GCC_WARN_64_TO_32_BIT_CONVERSION = YES;
				GCC_WARN_ABOUT_RETURN_TYPE = YES_ERROR;
				GCC_WARN_UNDECLARED_SELECTOR = YES;
				GCC_WARN_UNINITIALIZED_AUTOS = YES_AGGRESSIVE;
				GCC_WARN_UNUSED_FUNCTION = YES;
				GCC_WARN_UNUSED_VARIABLE = YES;
				IPHONEOS_DEPLOYMENT_TARGET = 9.1;
				MTL_ENABLE_DEBUG_INFO = NO;
				SDKROOT = iphoneos;
				VALIDATE_PRODUCT = YES;
			};
			name = Release;
		};
		DCE098271C1A160700BB64FE /* Debug */ = {
			isa = XCBuildConfiguration;
			buildSettings = {
				ASSETCATALOG_COMPILER_APPICON_NAME = AppIcon;
				FRAMEWORK_SEARCH_PATHS = (
					"$(inherited)",
					"$(PROJECT_DIR)/contaBabilonia",
				);
				INFOPLIST_FILE = contaBabilonia/Info.plist;
				LD_RUNPATH_SEARCH_PATHS = "$(inherited) @executable_path/Frameworks";
				PRODUCT_BUNDLE_IDENTIFIER = com.lander.contaBabilonia;
				PRODUCT_NAME = "$(TARGET_NAME)";
			};
			name = Debug;
		};
		DCE098281C1A160700BB64FE /* Release */ = {
			isa = XCBuildConfiguration;
			buildSettings = {
				ASSETCATALOG_COMPILER_APPICON_NAME = AppIcon;
				FRAMEWORK_SEARCH_PATHS = (
					"$(inherited)",
					"$(PROJECT_DIR)/contaBabilonia",
				);
				INFOPLIST_FILE = contaBabilonia/Info.plist;
				LD_RUNPATH_SEARCH_PATHS = "$(inherited) @executable_path/Frameworks";
				PRODUCT_BUNDLE_IDENTIFIER = com.lander.contaBabilonia;
				PRODUCT_NAME = "$(TARGET_NAME)";
			};
			name = Release;
		};
/* End XCBuildConfiguration section */

/* Begin XCConfigurationList section */
		DCE0980F1C1A160700BB64FE /* Build configuration list for PBXProject "contaBabilonia" */ = {
			isa = XCConfigurationList;
			buildConfigurations = (
				DCE098241C1A160700BB64FE /* Debug */,
				DCE098251C1A160700BB64FE /* Release */,
			);
			defaultConfigurationIsVisible = 0;
			defaultConfigurationName = Release;
		};
		DCE098261C1A160700BB64FE /* Build configuration list for PBXNativeTarget "contaBabilonia" */ = {
			isa = XCConfigurationList;
			buildConfigurations = (
				DCE098271C1A160700BB64FE /* Debug */,
				DCE098281C1A160700BB64FE /* Release */,
			);
			defaultConfigurationIsVisible = 0;
			defaultConfigurationName = Release;
		};
/* End XCConfigurationList section */
	};
	rootObject = DCE0980C1C1A160700BB64FE /* Project object */;
}
